{
  "requires": true,
  "lockfileVersion": 1,
  "dependencies": {
    "@ffmpeg-installer/darwin-x64": {
      "version": "4.1.0",
      "resolved": "https://registry.npmjs.org/@ffmpeg-installer/darwin-x64/-/darwin-x64-4.1.0.tgz",
      "integrity": "sha512-Z4EyG3cIFjdhlY8wI9aLUXuH8nVt7E9SlMVZtWvSPnm2sm37/yC2CwjUzyCQbJbySnef1tQwGG2Sx+uWhd9IAw=="
    },
    "@ffmpeg-installer/ffmpeg": {
      "version": "1.0.17",
      "resolved": "https://registry.npmjs.org/@ffmpeg-installer/ffmpeg/-/ffmpeg-1.0.17.tgz",
      "integrity": "sha512-DClZOfrYTvamCfJ9ToFj58hMfEyH5HlHN/zSTaPzfev3I+Vy5J9qBGGAyquAmY+/FOFBtChdXBu64D6H3uZhkA==",
      "requires": {
        "@ffmpeg-installer/darwin-x64": "4.1.0",
        "@ffmpeg-installer/linux-ia32": "4.1.0",
        "@ffmpeg-installer/linux-x64": "4.1.0",
        "@ffmpeg-installer/win32-ia32": "4.1.0",
        "@ffmpeg-installer/win32-x64": "4.1.0"
      }
    },
    "@ffmpeg-installer/linux-ia32": {
      "version": "4.1.0",
      "resolved": "https://registry.npmjs.org/@ffmpeg-installer/linux-ia32/-/linux-ia32-4.1.0.tgz",
      "integrity": "sha512-0LWyFQnPf+Ij9GQGD034hS6A90URNu9HCtQ5cTqo5MxOEc7Rd8gLXrJvn++UmxhU0J5RyRE9KRYstdCVUjkNOQ==",
      "optional": true
    },
    "@ffmpeg-installer/linux-x64": {
      "version": "4.1.0",
      "resolved": "https://registry.npmjs.org/@ffmpeg-installer/linux-x64/-/linux-x64-4.1.0.tgz",
      "integrity": "sha512-Y5BWhGLU/WpQjOArNIgXD3z5mxxdV8c41C+U15nsE5yF8tVcdCGet5zPs5Zy3Ta6bU7haGpIzryutqCGQA/W8A==",
      "optional": true
    },
    "@ffmpeg-installer/win32-ia32": {
      "version": "4.1.0",
      "resolved": "https://registry.npmjs.org/@ffmpeg-installer/win32-ia32/-/win32-ia32-4.1.0.tgz",
      "integrity": "sha512-FV2D7RlaZv/lrtdhaQ4oETwoFUsUjlUiasiZLDxhEUPdNDWcH1OU9K1xTvqz+OXLdsmYelUDuBS/zkMOTtlUAw==",
      "optional": true
    },
    "@ffmpeg-installer/win32-x64": {
      "version": "4.1.0",
      "resolved": "https://registry.npmjs.org/@ffmpeg-installer/win32-x64/-/win32-x64-4.1.0.tgz",
      "integrity": "sha512-Drt5u2vzDnIONf4ZEkKtFlbvwj6rI3kxw1Ck9fpudmtgaZIHD4ucsWB2lCZBXRxJgXR+2IMSti+4rtM4C4rXgg==",
      "optional": true
    },
    "assertion-error": {
      "version": "1.1.0",
      "resolved": "https://registry.npmjs.org/assertion-error/-/assertion-error-1.1.0.tgz",
      "integrity": "sha512-jgsaNduz+ndvGyFt3uSuWqvy4lCnIJiovtouQN5JZHOKCS2QuhEdbcQHFhVksz2N2U9hXJo8odG7ETyWlEeuDw=="
    },
    "async": {
      "version": "1.0.0",
      "resolved": "https://registry.npmjs.org/async/-/async-1.0.0.tgz",
      "integrity": "sha1-+PwEyjoTeErenhZBr5hXjPvWR6k="
    },
    "chai": {
      "version": "4.2.0",
      "resolved": "https://registry.npmjs.org/chai/-/chai-4.2.0.tgz",
      "integrity": "sha512-XQU3bhBukrOsQCuwZndwGcCVQHyZi53fQ6Ys1Fym7E4olpIqqZZhhoFJoaKVvV17lWQoXYwgWN2nF5crA8J2jw==",
      "requires": {
        "assertion-error": "^1.1.0",
        "check-error": "^1.0.2",
        "deep-eql": "^3.0.1",
        "get-func-name": "^2.0.0",
        "pathval": "^1.1.0",
        "type-detect": "^4.0.5"
      }
    },
    "chai-sip": {
      "version": "0.0.5",
      "resolved": "https://registry.npmjs.org/chai-sip/-/chai-sip-0.0.5.tgz",
      "integrity": "sha512-e/aPQc8IOnVEk4qKaTRh2Y8u+q2XmJtuaso8lwuXE1kAZWSXesFfCCWMVolBf6XIpJouLBohtzoZ1OifvUaDwg==",
      "requires": {
        "@ffmpeg-installer/ffmpeg": "^1.0.17",
        "ip": "^1.1.5",
        "sdp-transform": "^2.5.0",
        "sip": "0.0.4",
        "uws": "^10.148.1",
        "winston": "^2.4.0"
      }
    },
    "check-error": {
      "version": "1.0.2",
      "resolved": "https://registry.npmjs.org/check-error/-/check-error-1.0.2.tgz",
      "integrity": "sha1-V00xLt2Iu13YkS6Sht1sCu1KrII="
    },
    "colors": {
      "version": "1.0.3",
      "resolved": "https://registry.npmjs.org/colors/-/colors-1.0.3.tgz",
      "integrity": "sha1-BDP0TYCWgP3rYO0mDxsMJi6CpAs="
    },
    "cycle": {
      "version": "1.0.3",
      "resolved": "https://registry.npmjs.org/cycle/-/cycle-1.0.3.tgz",
      "integrity": "sha1-IegLK+hYD5i0aPN5QwZisEbDStI="
    },
    "deep-eql": {
      "version": "3.0.1",
      "resolved": "https://registry.npmjs.org/deep-eql/-/deep-eql-3.0.1.tgz",
      "integrity": "sha512-+QeIQyN5ZuO+3Uk5DYh6/1eKO0m0YmJFGNmFHGACpf1ClL1nmlV/p4gNgbl2pJGxgXb4faqo6UE+M5ACEMyVcw==",
      "requires": {
        "type-detect": "^4.0.0"
      }
    },
    "eyes": {
      "version": "0.1.8",
      "resolved": "https://registry.npmjs.org/eyes/-/eyes-0.1.8.tgz",
      "integrity": "sha1-Ys8SAjTGg3hdkCNIqADvPgzCC8A="
    },
    "get-func-name": {
      "version": "2.0.0",
      "resolved": "https://registry.npmjs.org/get-func-name/-/get-func-name-2.0.0.tgz",
      "integrity": "sha1-6td0q+5y4gQJQzoGY2YCPdaIekE="
    },
    "ip": {
      "version": "1.1.5",
      "resolved": "https://registry.npmjs.org/ip/-/ip-1.1.5.tgz",
      "integrity": "sha1-vd7XARQpCCjAoDnnLvJfWq7ENUo="
    },
    "isstream": {
      "version": "0.1.2",
      "resolved": "https://registry.npmjs.org/isstream/-/isstream-0.1.2.tgz",
      "integrity": "sha1-R+Y/evVa+m+S4VAOaQ64uFKcCZo="
    },
    "pathval": {
      "version": "1.1.0",
      "resolved": "https://registry.npmjs.org/pathval/-/pathval-1.1.0.tgz",
      "integrity": "sha1-uULm1L3mUwBe9rcTYd74cn0GReA="
    },
    "sdp-transform": {
      "version": "2.7.0",
      "resolved": "https://registry.npmjs.org/sdp-transform/-/sdp-transform-2.7.0.tgz",
      "integrity": "sha512-v8/zfKeDKBEXKMf4UT91owHoXM6O+s8gEVtCVSvrAd2eEtuv5u4TKcTXX4a9qrQM3T2Ycr9rLyU+Ww3ZiCiaGQ=="
    },
    "sip": {
      "version": "0.0.4",
      "resolved": "https://registry.npmjs.org/sip/-/sip-0.0.4.tgz",
      "integrity": "sha512-nXfh1sdXAmj24CyHyPNwNNLtQbXtIVIcZQ4fRleZalGxTHDTHAx7twNblEMLEn//m9x3/A6xSVEKnSEGxbpDVA==",
      "requires": {
        "uws": "*"
      }
    },
    "stack-trace": {
      "version": "0.0.10",
      "resolved": "https://registry.npmjs.org/stack-trace/-/stack-trace-0.0.10.tgz",
      "integrity": "sha1-VHxws0fo0ytOEI6hoqFZ5f3eGcA="
    },
    "type-detect": {
      "version": "4.0.8",
      "resolved": "https://registry.npmjs.org/type-detect/-/type-detect-4.0.8.tgz",
      "integrity": "sha512-0fr/mIH1dlO+x7TlcMy+bIDqKPsw/70tVyeHW787goQjhmqaZe10uwLujubK9q9Lg6Fiho1KUKDYz0Z7k7g5/g=="
    },
    "uws": {
      "version": "10.148.1",
      "resolved": "https://registry.npmjs.org/uws/-/uws-10.148.1.tgz",
      "integrity": "sha1-/Rp5z2EYo4jgob7YoTlwMNLE/Sw="
    },
    "winston": {
      "version": "2.4.4",
      "resolved": "https://registry.npmjs.org/winston/-/winston-2.4.4.tgz",
      "integrity": "sha512-NBo2Pepn4hK4V01UfcWcDlmiVTs7VTB1h7bgnB0rgP146bYhMxX0ypCz3lBOfNxCO4Zuek7yeT+y/zM1OfMw4Q==",
      "requires": {
        "async": "~1.0.0",
        "colors": "1.0.x",
        "cycle": "1.0.x",
        "eyes": "0.1.x",
        "isstream": "0.1.x",
        "stack-trace": "0.0.x"
      }
    }
  }
}
